<?xml version="1.0" encoding="utf-8"?>
<Project ToolsVersion="4.0" xmlns="http://schemas.microsoft.com/developer/msbuild/2003">
  <ItemGroup>
    <Filter Include="Card">
      <UniqueIdentifier>{9F78837C-8BAF-840D-349C-6A1020B2000F}</UniqueIdentifier>
    </Filter>
  </ItemGroup>
  <ItemGroup>
    <ClInclude Include="src\Card.h" />
    <ClInclude Include="src\Card\Application.h">
      <Filter>Card</Filter>
    </ClInclude>
    <ClInclude Include="src\Card\Base.h">
      <Filter>Card</Filter>
    </ClInclude>
    <ClInclude Include="src\Card\Entry.h">
      <Filter>Card</Filter>
    </ClInclude>
    <ClInclude Include="src\Card\Logger.h">
      <Filter>Card</Filter>
    </ClInclude>
    <ClInclude Include="src\Card\graphics\Device.h" />
    <ClInclude Include="src\Card\graphics\GraphicsPipeline.h" />
    <ClInclude Include="src\Card\graphics\Model.h" />
    <ClInclude Include="src\Card\Util\Split.h" />
    <ClInclude Include="src\Card\Util\ModelLoader.h" />
    <ClInclude Include="src\Card\graphics\Window.h" />
    <ClInclude Include="src\Card\graphics\Vertex.h" />
    <ClInclude Include="src\Card\graphics\Swapchain.h" />
    <ClInclude Include="src\Card\graphics\Renderer.h" />
  </ItemGroup>
  <ItemGroup>
    <ClCompile Include="src\Card\Application.cpp">
      <Filter>Card</Filter>
    </ClCompile>
    <ClCompile Include="src\Card\Logger.cpp">
      <Filter>Card</Filter>
    </ClCompile>
    <ClCompile Include="src\Card\graphics\Device.cpp" />
    <ClCompile Include="src\Card\graphics\GraphicsPipeline.cpp" />
    <ClCompile Include="src\Card\graphics\Model.cpp" />
    <ClCompile Include="src\Card\Util\Split.cpp" />
    <ClCompile Include="src\Card\Util\ModelLoader.cpp" />
    <ClCompile Include="src\Card\graphics\Window.cpp" />
    <ClCompile Include="src\Card\graphics\Vertex.cpp" />
    <ClCompile Include="src\Card\graphics\Swapchain.cpp" />
    <ClCompile Include="src\Card\graphics\Renderer.cpp" />
  </ItemGroup>
</Project>